# Generated by pub
# See https://dart.dev/tools/pub/glossary#lockfile
packages:
  vm_service:
    dependency: "direct main"
    description:
      name: vm_service
      sha256: "0968250880a6c5fe7edc067ed0a13d4bae1577fe2771dcf3010d52c4a9d3ca14"
      url: "https://pub.dev"
    source: hosted
    version: "14.3.1"
sdks:
  dart: ">=3.3.0 <4.0.0"
